{
  "requires": true,
  "lockfileVersion": 1,
  "dependencies": {
    "bootstrap": {
      "version": "4.3.1",
      "resolved": "https://registry.npmjs.org/bootstrap/-/bootstrap-4.3.1.tgz",
      "integrity": "sha512-rXqOmH1VilAt2DyPzluTi2blhk17bO7ef+zLLPlWvG494pDxcM234pJ8wTc/6R40UWizAIIMgxjvxZg5kmsbag=="
    },
    "filed": {
      "version": "0.0.7",
      "resolved": "https://registry.npmjs.org/filed/-/filed-0.0.7.tgz",
      "integrity": "sha1-MIfsUx+5p4YApuyOCxBuLFdNl3M="
    },
    "jquery": {
      "version": "3.3.1",
      "resolved": "https://registry.npmjs.org/jquery/-/jquery-3.3.1.tgz",
      "integrity": "sha512-Ubldcmxp5np52/ENotGxlLe6aGMvmF4R8S6tZjsP6Knsaxd/xp3Zrh50cG93lR6nPXyUFwzN3ZSOQI0wRJNdGg=="
    },
    "mime": {
      "version": "1.2.7",
      "resolved": "https://registry.npmjs.org/mime/-/mime-1.2.7.tgz",
      "integrity": "sha1-x6E/M6cHPZkA8ohDawazoWIAhls="
    },
    "wow": {
      "version": "0.0.6",
      "resolved": "https://registry.npmjs.org/wow/-/wow-0.0.6.tgz",
      "integrity": "sha1-UKNm9kFABAiJbHdMB2PuXe82rw0=",
      "requires": {
        "filed": "0.0.7",
        "mime": "1.2.7"
      }
    }
  }
}
